// !$*UTF8*$!
{
	archiveVersion = 1;
	classes = {
	};
	objectVersion = 56;
	objects = {

/* Begin PBXBuildFile section */
		1175FDF229974F7F00169A2C /* AppDelegate.swift in Sources */ = {isa = PBXBuildFile; fileRef = 1175FDF129974F7F00169A2C /* AppDelegate.swift */; };
		1175FDFC29974F7F00169A2C /* RxTemplate.xcdatamodeld in Sources */ = {isa = PBXBuildFile; fileRef = 1175FDFA29974F7F00169A2C /* RxTemplate.xcdatamodeld */; };
		1175FDFE29974F8100169A2C /* Assets.xcassets in Resources */ = {isa = PBXBuildFile; fileRef = 1175FDFD29974F8100169A2C /* Assets.xcassets */; };
		1175FE0129974F8100169A2C /* LaunchScreen.storyboard in Resources */ = {isa = PBXBuildFile; fileRef = 1175FDFF29974F8100169A2C /* LaunchScreen.storyboard */; };
		1175FE12299751BB00169A2C /* AppRouter.swift in Sources */ = {isa = PBXBuildFile; fileRef = 1175FE11299751BB00169A2C /* AppRouter.swift */; };
		1175FE15299752A700169A2C /* BaseViewController.swift in Sources */ = {isa = PBXBuildFile; fileRef = 1175FE14299752A700169A2C /* BaseViewController.swift */; };
		1175FE222997530800169A2C /* InitialSceneRouter.swift in Sources */ = {isa = PBXBuildFile; fileRef = 1175FE162997530800169A2C /* InitialSceneRouter.swift */; };
		1175FE232997530800169A2C /* InitialSceneRouterContract.swift in Sources */ = {isa = PBXBuildFile; fileRef = 1175FE172997530800169A2C /* InitialSceneRouterContract.swift */; };
		1175FE242997530800169A2C /* InitialSceneViewControllerContract.swift in Sources */ = {isa = PBXBuildFile; fileRef = 1175FE182997530800169A2C /* InitialSceneViewControllerContract.swift */; };
		1175FE252997530800169A2C /* InitialScenePresenterService.swift in Sources */ = {isa = PBXBuildFile; fileRef = 1175FE192997530800169A2C /* InitialScenePresenterService.swift */; };
		1175FE262997530800169A2C /* InitialSceneInteractorContract.swift in Sources */ = {isa = PBXBuildFile; fileRef = 1175FE1A2997530800169A2C /* InitialSceneInteractorContract.swift */; };
		1175FE272997530800169A2C /* InitialSceneViewController.xib in Resources */ = {isa = PBXBuildFile; fileRef = 1175FE1B2997530800169A2C /* InitialSceneViewController.xib */; };
		1175FE282997530800169A2C /* InitialSceneInteractorService.swift in Sources */ = {isa = PBXBuildFile; fileRef = 1175FE1C2997530800169A2C /* InitialSceneInteractorService.swift */; };
		1175FE292997530800169A2C /* InitialScenePresenter.swift in Sources */ = {isa = PBXBuildFile; fileRef = 1175FE1D2997530800169A2C /* InitialScenePresenter.swift */; };
		1175FE2A2997530800169A2C /* InitialSceneViewController.swift in Sources */ = {isa = PBXBuildFile; fileRef = 1175FE1E2997530800169A2C /* InitialSceneViewController.swift */; };
		1175FE2B2997530800169A2C /* InitialSceneViewModel.swift in Sources */ = {isa = PBXBuildFile; fileRef = 1175FE1F2997530800169A2C /* InitialSceneViewModel.swift */; };
		1175FE2C2997530800169A2C /* InitialSceneInteractor.swift in Sources */ = {isa = PBXBuildFile; fileRef = 1175FE202997530800169A2C /* InitialSceneInteractor.swift */; };
		1175FE2D2997530800169A2C /* InitialScenePresenterContract.swift in Sources */ = {isa = PBXBuildFile; fileRef = 1175FE212997530800169A2C /* InitialScenePresenterContract.swift */; };
		1175FE36299758E500169A2C /* AppCore.swift in Sources */ = {isa = PBXBuildFile; fileRef = 1175FE35299758E500169A2C /* AppCore.swift */; };
		1175FE382997590400169A2C /* AppCoreContract.swift in Sources */ = {isa = PBXBuildFile; fileRef = 1175FE372997590400169A2C /* AppCoreContract.swift */; };
		1175FE3C2997594600169A2C /* Logger.swift in Sources */ = {isa = PBXBuildFile; fileRef = 1175FE3B2997594600169A2C /* Logger.swift */; };
		1175FE3F2997596E00169A2C /* StyleLayer.swift in Sources */ = {isa = PBXBuildFile; fileRef = 1175FE3E2997596E00169A2C /* StyleLayer.swift */; };
		1175FE4129975A1400169A2C /* StyleLayerType.swift in Sources */ = {isa = PBXBuildFile; fileRef = 1175FE4029975A1400169A2C /* StyleLayerType.swift */; };
		1175FE4429975AA700169A2C /* DatabaseLayer.swift in Sources */ = {isa = PBXBuildFile; fileRef = 1175FE4329975AA700169A2C /* DatabaseLayer.swift */; };
		1175FE4629975ADE00169A2C /* DatabaseLayerType.swift in Sources */ = {isa = PBXBuildFile; fileRef = 1175FE4529975ADE00169A2C /* DatabaseLayerType.swift */; };
		1175FE4929975B7800169A2C /* DeviceLayerType.swift in Sources */ = {isa = PBXBuildFile; fileRef = 1175FE4829975B7800169A2C /* DeviceLayerType.swift */; };
		1175FE4B29975B8B00169A2C /* DeviceLayer.swift in Sources */ = {isa = PBXBuildFile; fileRef = 1175FE4A29975B8B00169A2C /* DeviceLayer.swift */; };
		11D99EDD2999325D00163B81 /* ItemModel.swift in Sources */ = {isa = PBXBuildFile; fileRef = 11D99EDC2999325D00163B81 /* ItemModel.swift */; };
		11D99EE0299933D800163B81 /* ItemEntity+CoreDataProperties copy.swift in Sources */ = {isa = PBXBuildFile; fileRef = 11D99EDE299933D800163B81 /* ItemEntity+CoreDataProperties copy.swift */; };
		11D99EE1299933D800163B81 /* ItemEntity+CoreDataClass copy.swift in Sources */ = {isa = PBXBuildFile; fileRef = 11D99EDF299933D800163B81 /* ItemEntity+CoreDataClass copy.swift */; };
		A70F8D8A62DFBBCE7100FCDA /* Pods_RxTemplate.framework in Frameworks */ = {isa = PBXBuildFile; fileRef = 4F8D3370890556EF4A2CD791 /* Pods_RxTemplate.framework */; };
/* End PBXBuildFile section */

/* Begin PBXFileReference section */
		1175FDEE29974F7F00169A2C /* RxTemplate.app */ = {isa = PBXFileReference; explicitFileType = wrapper.application; includeInIndex = 0; path = RxTemplate.app; sourceTree = BUILT_PRODUCTS_DIR; };
		1175FDF129974F7F00169A2C /* AppDelegate.swift */ = {isa = PBXFileReference; lastKnownFileType = sourcecode.swift; path = AppDelegate.swift; sourceTree = "<group>"; };
		1175FDFB29974F7F00169A2C /* RxTemplate.xcdatamodel */ = {isa = PBXFileReference; lastKnownFileType = wrapper.xcdatamodel; path = RxTemplate.xcdatamodel; sourceTree = "<group>"; };
		1175FDFD29974F8100169A2C /* Assets.xcassets */ = {isa = PBXFileReference; lastKnownFileType = folder.assetcatalog; path = Assets.xcassets; sourceTree = "<group>"; };
		1175FE0029974F8100169A2C /* Base */ = {isa = PBXFileReference; lastKnownFileType = file.storyboard; name = Base; path = Base.lproj/LaunchScreen.storyboard; sourceTree = "<group>"; };
		1175FE0229974F8100169A2C /* Info.plist */ = {isa = PBXFileReference; lastKnownFileType = text.plist.xml; path = Info.plist; sourceTree = "<group>"; };
		1175FE11299751BB00169A2C /* AppRouter.swift */ = {isa = PBXFileReference; lastKnownFileType = sourcecode.swift; path = AppRouter.swift; sourceTree = "<group>"; };
		1175FE14299752A700169A2C /* BaseViewController.swift */ = {isa = PBXFileReference; lastKnownFileType = sourcecode.swift; path = BaseViewController.swift; sourceTree = "<group>"; };
		1175FE162997530800169A2C /* InitialSceneRouter.swift */ = {isa = PBXFileReference; lastKnownFileType = sourcecode.swift; path = InitialSceneRouter.swift; sourceTree = "<group>"; };
		1175FE172997530800169A2C /* InitialSceneRouterContract.swift */ = {isa = PBXFileReference; lastKnownFileType = sourcecode.swift; path = InitialSceneRouterContract.swift; sourceTree = "<group>"; };
		1175FE182997530800169A2C /* InitialSceneViewControllerContract.swift */ = {isa = PBXFileReference; lastKnownFileType = sourcecode.swift; path = InitialSceneViewControllerContract.swift; sourceTree = "<group>"; };
		1175FE192997530800169A2C /* InitialScenePresenterService.swift */ = {isa = PBXFileReference; lastKnownFileType = sourcecode.swift; path = InitialScenePresenterService.swift; sourceTree = "<group>"; };
		1175FE1A2997530800169A2C /* InitialSceneInteractorContract.swift */ = {isa = PBXFileReference; lastKnownFileType = sourcecode.swift; path = InitialSceneInteractorContract.swift; sourceTree = "<group>"; };
		1175FE1B2997530800169A2C /* InitialSceneViewController.xib */ = {isa = PBXFileReference; lastKnownFileType = file.xib; path = InitialSceneViewController.xib; sourceTree = "<group>"; };
		1175FE1C2997530800169A2C /* InitialSceneInteractorService.swift */ = {isa = PBXFileReference; lastKnownFileType = sourcecode.swift; path = InitialSceneInteractorService.swift; sourceTree = "<group>"; };
		1175FE1D2997530800169A2C /* InitialScenePresenter.swift */ = {isa = PBXFileReference; lastKnownFileType = sourcecode.swift; path = InitialScenePresenter.swift; sourceTree = "<group>"; };
		1175FE1E2997530800169A2C /* InitialSceneViewController.swift */ = {isa = PBXFileReference; lastKnownFileType = sourcecode.swift; path = InitialSceneViewController.swift; sourceTree = "<group>"; };
		1175FE1F2997530800169A2C /* InitialSceneViewModel.swift */ = {isa = PBXFileReference; lastKnownFileType = sourcecode.swift; path = InitialSceneViewModel.swift; sourceTree = "<group>"; };
		1175FE202997530800169A2C /* InitialSceneInteractor.swift */ = {isa = PBXFileReference; lastKnownFileType = sourcecode.swift; path = InitialSceneInteractor.swift; sourceTree = "<group>"; };
		1175FE212997530800169A2C /* InitialScenePresenterContract.swift */ = {isa = PBXFileReference; lastKnownFileType = sourcecode.swift; path = InitialScenePresenterContract.swift; sourceTree = "<group>"; };
		1175FE35299758E500169A2C /* AppCore.swift */ = {isa = PBXFileReference; lastKnownFileType = sourcecode.swift; path = AppCore.swift; sourceTree = "<group>"; };
		1175FE372997590400169A2C /* AppCoreContract.swift */ = {isa = PBXFileReference; lastKnownFileType = sourcecode.swift; path = AppCoreContract.swift; sourceTree = "<group>"; };
		1175FE3B2997594600169A2C /* Logger.swift */ = {isa = PBXFileReference; lastKnownFileType = sourcecode.swift; path = Logger.swift; sourceTree = "<group>"; };
		1175FE3E2997596E00169A2C /* StyleLayer.swift */ = {isa = PBXFileReference; lastKnownFileType = sourcecode.swift; path = StyleLayer.swift; sourceTree = "<group>"; };
		1175FE4029975A1400169A2C /* StyleLayerType.swift */ = {isa = PBXFileReference; lastKnownFileType = sourcecode.swift; path = StyleLayerType.swift; sourceTree = "<group>"; };
		1175FE4329975AA700169A2C /* DatabaseLayer.swift */ = {isa = PBXFileReference; lastKnownFileType = sourcecode.swift; path = DatabaseLayer.swift; sourceTree = "<group>"; };
		1175FE4529975ADE00169A2C /* DatabaseLayerType.swift */ = {isa = PBXFileReference; lastKnownFileType = sourcecode.swift; path = DatabaseLayerType.swift; sourceTree = "<group>"; };
		1175FE4829975B7800169A2C /* DeviceLayerType.swift */ = {isa = PBXFileReference; lastKnownFileType = sourcecode.swift; path = DeviceLayerType.swift; sourceTree = "<group>"; };
		1175FE4A29975B8B00169A2C /* DeviceLayer.swift */ = {isa = PBXFileReference; lastKnownFileType = sourcecode.swift; path = DeviceLayer.swift; sourceTree = "<group>"; };
		11D99EDC2999325D00163B81 /* ItemModel.swift */ = {isa = PBXFileReference; lastKnownFileType = sourcecode.swift; path = ItemModel.swift; sourceTree = "<group>"; };
		11D99EDE299933D800163B81 /* ItemEntity+CoreDataProperties copy.swift */ = {isa = PBXFileReference; fileEncoding = 4; lastKnownFileType = sourcecode.swift; path = "ItemEntity+CoreDataProperties copy.swift"; sourceTree = "<group>"; };
		11D99EDF299933D800163B81 /* ItemEntity+CoreDataClass copy.swift */ = {isa = PBXFileReference; fileEncoding = 4; lastKnownFileType = sourcecode.swift; path = "ItemEntity+CoreDataClass copy.swift"; sourceTree = "<group>"; };
		2A31E49C1854ED5F84A6E6F2 /* Pods-RxTemplate.release.xcconfig */ = {isa = PBXFileReference; includeInIndex = 1; lastKnownFileType = text.xcconfig; name = "Pods-RxTemplate.release.xcconfig"; path = "Target Support Files/Pods-RxTemplate/Pods-RxTemplate.release.xcconfig"; sourceTree = "<group>"; };
		4F8D3370890556EF4A2CD791 /* Pods_RxTemplate.framework */ = {isa = PBXFileReference; explicitFileType = wrapper.framework; includeInIndex = 0; path = Pods_RxTemplate.framework; sourceTree = BUILT_PRODUCTS_DIR; };
		5D8C0FFD6492C68050E794F9 /* Pods-RxTemplate.debug.xcconfig */ = {isa = PBXFileReference; includeInIndex = 1; lastKnownFileType = text.xcconfig; name = "Pods-RxTemplate.debug.xcconfig"; path = "Target Support Files/Pods-RxTemplate/Pods-RxTemplate.debug.xcconfig"; sourceTree = "<group>"; };
/* End PBXFileReference section */

/* Begin PBXFrameworksBuildPhase section */
		1175FDEB29974F7F00169A2C /* Frameworks */ = {
			isa = PBXFrameworksBuildPhase;
			buildActionMask = 2147483647;
			files = (
				A70F8D8A62DFBBCE7100FCDA /* Pods_RxTemplate.framework in Frameworks */,
			);
			runOnlyForDeploymentPostprocessing = 0;
		};
/* End PBXFrameworksBuildPhase section */

/* Begin PBXGroup section */
		1175FDE529974F7F00169A2C = {
			isa = PBXGroup;
			children = (
				1175FDF029974F7F00169A2C /* RxTemplate */,
				1175FDEF29974F7F00169A2C /* Products */,
				E5C2D37DC37FB3F28629B0AB /* Pods */,
				51B744A1A752E73380494FA2 /* Frameworks */,
			);
			sourceTree = "<group>";
		};
		1175FDEF29974F7F00169A2C /* Products */ = {
			isa = PBXGroup;
			children = (
				1175FDEE29974F7F00169A2C /* RxTemplate.app */,
			);
			name = Products;
			sourceTree = "<group>";
		};
		1175FDF029974F7F00169A2C /* RxTemplate */ = {
			isa = PBXGroup;
			children = (
				1175FE082997504500169A2C /* Application */,
				1175FE0C2997514000169A2C /* Common */,
				1175FE0D2997514600169A2C /* Modules */,
				1175FE092997506200169A2C /* SupportingFiles */,
				1175FE0A2997506E00169A2C /* LaunchScreen */,
				1175FE0B2997507800169A2C /* Database */,
			);
			path = RxTemplate;
			sourceTree = "<group>";
		};
		1175FE082997504500169A2C /* Application */ = {
			isa = PBXGroup;
			children = (
				1175FE102997516400169A2C /* AppRouter */,
				1175FE0E2997515500169A2C /* AppDelegate */,
				1175FE0F2997515E00169A2C /* AppCore */,
			);
			path = Application;
			sourceTree = "<group>";
		};
		1175FE092997506200169A2C /* SupportingFiles */ = {
			isa = PBXGroup;
			children = (
				1175FDFD29974F8100169A2C /* Assets.xcassets */,
				1175FE0229974F8100169A2C /* Info.plist */,
			);
			path = SupportingFiles;
			sourceTree = "<group>";
		};
		1175FE0A2997506E00169A2C /* LaunchScreen */ = {
			isa = PBXGroup;
			children = (
				1175FDFF29974F8100169A2C /* LaunchScreen.storyboard */,
			);
			path = LaunchScreen;
			sourceTree = "<group>";
		};
		1175FE0B2997507800169A2C /* Database */ = {
			isa = PBXGroup;
			children = (
				11D99ED52999322200163B81 /* Item */,
				1175FDFA29974F7F00169A2C /* RxTemplate.xcdatamodeld */,
			);
			path = Database;
			sourceTree = "<group>";
		};
		1175FE0C2997514000169A2C /* Common */ = {
			isa = PBXGroup;
			children = (
				1175FE14299752A700169A2C /* BaseViewController.swift */,
			);
			path = Common;
			sourceTree = "<group>";
		};
		1175FE0D2997514600169A2C /* Modules */ = {
			isa = PBXGroup;
			children = (
				1175FE132997524800169A2C /* InitialScene */,
			);
			path = Modules;
			sourceTree = "<group>";
		};
		1175FE0E2997515500169A2C /* AppDelegate */ = {
			isa = PBXGroup;
			children = (
				1175FDF129974F7F00169A2C /* AppDelegate.swift */,
			);
			path = AppDelegate;
			sourceTree = "<group>";
		};
		1175FE0F2997515E00169A2C /* AppCore */ = {
			isa = PBXGroup;
			children = (
				1175FE392997591800169A2C /* Layers */,
				1175FE35299758E500169A2C /* AppCore.swift */,
				1175FE372997590400169A2C /* AppCoreContract.swift */,
			);
			path = AppCore;
			sourceTree = "<group>";
		};
		1175FE102997516400169A2C /* AppRouter */ = {
			isa = PBXGroup;
			children = (
				1175FE11299751BB00169A2C /* AppRouter.swift */,
			);
			path = AppRouter;
			sourceTree = "<group>";
		};
		1175FE132997524800169A2C /* InitialScene */ = {
			isa = PBXGroup;
			children = (
				1175FE2E2997531B00169A2C /* Router */,
				1175FE322997534100169A2C /* ViewModel */,
				1175FE312997533800169A2C /* Interactor */,
				1175FE302997532E00169A2C /* Presenter */,
				1175FE2F2997532600169A2C /* View */,
			);
			path = InitialScene;
			sourceTree = "<group>";
		};
		1175FE2E2997531B00169A2C /* Router */ = {
			isa = PBXGroup;
			children = (
				1175FE162997530800169A2C /* InitialSceneRouter.swift */,
				1175FE172997530800169A2C /* InitialSceneRouterContract.swift */,
			);
			path = Router;
			sourceTree = "<group>";
		};
		1175FE2F2997532600169A2C /* View */ = {
			isa = PBXGroup;
			children = (
				1175FE1E2997530800169A2C /* InitialSceneViewController.swift */,
				1175FE1B2997530800169A2C /* InitialSceneViewController.xib */,
				1175FE182997530800169A2C /* InitialSceneViewControllerContract.swift */,
			);
			path = View;
			sourceTree = "<group>";
		};
		1175FE302997532E00169A2C /* Presenter */ = {
			isa = PBXGroup;
			children = (
				1175FE342997536B00169A2C /* Service */,
				1175FE1D2997530800169A2C /* InitialScenePresenter.swift */,
				1175FE212997530800169A2C /* InitialScenePresenterContract.swift */,
			);
			path = Presenter;
			sourceTree = "<group>";
		};
		1175FE312997533800169A2C /* Interactor */ = {
			isa = PBXGroup;
			children = (
				1175FE332997535E00169A2C /* Service */,
				1175FE202997530800169A2C /* InitialSceneInteractor.swift */,
				1175FE1A2997530800169A2C /* InitialSceneInteractorContract.swift */,
			);
			path = Interactor;
			sourceTree = "<group>";
		};
		1175FE322997534100169A2C /* ViewModel */ = {
			isa = PBXGroup;
			children = (
				1175FE1F2997530800169A2C /* InitialSceneViewModel.swift */,
			);
			path = ViewModel;
			sourceTree = "<group>";
		};
		1175FE332997535E00169A2C /* Service */ = {
			isa = PBXGroup;
			children = (
				1175FE1C2997530800169A2C /* InitialSceneInteractorService.swift */,
			);
			path = Service;
			sourceTree = "<group>";
		};
		1175FE342997536B00169A2C /* Service */ = {
			isa = PBXGroup;
			children = (
				1175FE192997530800169A2C /* InitialScenePresenterService.swift */,
			);
			path = Service;
			sourceTree = "<group>";
		};
		1175FE392997591800169A2C /* Layers */ = {
			isa = PBXGroup;
			children = (
				1175FE4729975B6600169A2C /* DeviceLayer */,
				1175FE4229975A8E00169A2C /* DatabaseLayer */,
				1175FE3D2997595500169A2C /* StyleLayer */,
				1175FE3A2997592700169A2C /* Logger */,
			);
			path = Layers;
			sourceTree = "<group>";
		};
		1175FE3A2997592700169A2C /* Logger */ = {
			isa = PBXGroup;
			children = (
				1175FE3B2997594600169A2C /* Logger.swift */,
			);
			path = Logger;
			sourceTree = "<group>";
		};
		1175FE3D2997595500169A2C /* StyleLayer */ = {
			isa = PBXGroup;
			children = (
				1175FE3E2997596E00169A2C /* StyleLayer.swift */,
				1175FE4029975A1400169A2C /* StyleLayerType.swift */,
			);
			path = StyleLayer;
			sourceTree = "<group>";
		};
		1175FE4229975A8E00169A2C /* DatabaseLayer */ = {
			isa = PBXGroup;
			children = (
				11D99EDA2999324300163B81 /* Models */,
				1175FE4329975AA700169A2C /* DatabaseLayer.swift */,
				1175FE4529975ADE00169A2C /* DatabaseLayerType.swift */,
			);
			path = DatabaseLayer;
			sourceTree = "<group>";
		};
		1175FE4729975B6600169A2C /* DeviceLayer */ = {
			isa = PBXGroup;
			children = (
				1175FE4A29975B8B00169A2C /* DeviceLayer.swift */,
				1175FE4829975B7800169A2C /* DeviceLayerType.swift */,
			);
			path = DeviceLayer;
			sourceTree = "<group>";
		};
		11D99ED52999322200163B81 /* Item */ = {
			isa = PBXGroup;
			children = (
				11D99EDF299933D800163B81 /* ItemEntity+CoreDataClass copy.swift */,
				11D99EDE299933D800163B81 /* ItemEntity+CoreDataProperties copy.swift */,
			);
			path = Item;
			sourceTree = "<group>";
		};
		11D99EDA2999324300163B81 /* Models */ = {
			isa = PBXGroup;
			children = (
				11D99EDB2999324D00163B81 /* ItemModel */,
			);
			path = Models;
			sourceTree = "<group>";
		};
		11D99EDB2999324D00163B81 /* ItemModel */ = {
			isa = PBXGroup;
			children = (
				11D99EDC2999325D00163B81 /* ItemModel.swift */,
			);
			path = ItemModel;
			sourceTree = "<group>";
		};
		51B744A1A752E73380494FA2 /* Frameworks */ = {
			isa = PBXGroup;
			children = (
				4F8D3370890556EF4A2CD791 /* Pods_RxTemplate.framework */,
			);
			name = Frameworks;
			sourceTree = "<group>";
		};
		E5C2D37DC37FB3F28629B0AB /* Pods */ = {
			isa = PBXGroup;
			children = (
				5D8C0FFD6492C68050E794F9 /* Pods-RxTemplate.debug.xcconfig */,
				2A31E49C1854ED5F84A6E6F2 /* Pods-RxTemplate.release.xcconfig */,
			);
			path = Pods;
			sourceTree = "<group>";
		};
/* End PBXGroup section */

/* Begin PBXNativeTarget section */
		1175FDED29974F7F00169A2C /* RxTemplate */ = {
			isa = PBXNativeTarget;
			buildConfigurationList = 1175FE0529974F8100169A2C /* Build configuration list for PBXNativeTarget "RxTemplate" */;
			buildPhases = (
				2779268C40187B869E1A0FCC /* [CP] Check Pods Manifest.lock */,
				1175FDEA29974F7F00169A2C /* Sources */,
				1175FDEB29974F7F00169A2C /* Frameworks */,
				1175FDEC29974F7F00169A2C /* Resources */,
				806B539CE90F36D6690E1217 /* [CP] Embed Pods Frameworks */,
			);
			buildRules = (
			);
			dependencies = (
			);
			name = RxTemplate;
			productName = RxTemplate;
			productReference = 1175FDEE29974F7F00169A2C /* RxTemplate.app */;
			productType = "com.apple.product-type.application";
		};
/* End PBXNativeTarget section */

/* Begin PBXProject section */
		1175FDE629974F7F00169A2C /* Project object */ = {
			isa = PBXProject;
			attributes = {
				BuildIndependentTargetsInParallel = 1;
				LastSwiftUpdateCheck = 1420;
				LastUpgradeCheck = 1420;
				TargetAttributes = {
					1175FDED29974F7F00169A2C = {
						CreatedOnToolsVersion = 14.2;
					};
				};
			};
			buildConfigurationList = 1175FDE929974F7F00169A2C /* Build configuration list for PBXProject "RxTemplate" */;
			compatibilityVersion = "Xcode 14.0";
			developmentRegion = en;
			hasScannedForEncodings = 0;
			knownRegions = (
				en,
				Base,
			);
			mainGroup = 1175FDE529974F7F00169A2C;
			productRefGroup = 1175FDEF29974F7F00169A2C /* Products */;
			projectDirPath = "";
			projectRoot = "";
			targets = (
				1175FDED29974F7F00169A2C /* RxTemplate */,
			);
		};
/* End PBXProject section */

/* Begin PBXResourcesBuildPhase section */
		1175FDEC29974F7F00169A2C /* Resources */ = {
			isa = PBXResourcesBuildPhase;
			buildActionMask = 2147483647;
			files = (
				1175FE272997530800169A2C /* InitialSceneViewController.xib in Resources */,
				1175FE0129974F8100169A2C /* LaunchScreen.storyboard in Resources */,
				1175FDFE29974F8100169A2C /* Assets.xcassets in Resources */,
			);
			runOnlyForDeploymentPostprocessing = 0;
		};
/* End PBXResourcesBuildPhase section */

/* Begin PBXShellScriptBuildPhase section */
		2779268C40187B869E1A0FCC /* [CP] Check Pods Manifest.lock */ = {
			isa = PBXShellScriptBuildPhase;
			buildActionMask = 2147483647;
			files = (
			);
			inputFileListPaths = (
			);
			inputPaths = (
				"${PODS_PODFILE_DIR_PATH}/Podfile.lock",
				"${PODS_ROOT}/Manifest.lock",
			);
			name = "[CP] Check Pods Manifest.lock";
			outputFileListPaths = (
			);
			outputPaths = (
				"$(DERIVED_FILE_DIR)/Pods-RxTemplate-checkManifestLockResult.txt",
			);
			runOnlyForDeploymentPostprocessing = 0;
			shellPath = /bin/sh;
			shellScript = "diff \"${PODS_PODFILE_DIR_PATH}/Podfile.lock\" \"${PODS_ROOT}/Manifest.lock\" > /dev/null\nif [ $? != 0 ] ; then\n    # print error to STDERR\n    echo \"error: The sandbox is not in sync with the Podfile.lock. Run 'pod install' or update your CocoaPods installation.\" >&2\n    exit 1\nfi\n# This output is used by Xcode 'outputs' to avoid re-running this script phase.\necho \"SUCCESS\" > \"${SCRIPT_OUTPUT_FILE_0}\"\n";
			showEnvVarsInLog = 0;
		};
		806B539CE90F36D6690E1217 /* [CP] Embed Pods Frameworks */ = {
			isa = PBXShellScriptBuildPhase;
			buildActionMask = 2147483647;
			files = (
			);
			inputFileListPaths = (
				"${PODS_ROOT}/Target Support Files/Pods-RxTemplate/Pods-RxTemplate-frameworks-${CONFIGURATION}-input-files.xcfilelist",
			);
			name = "[CP] Embed Pods Frameworks";
			outputFileListPaths = (
				"${PODS_ROOT}/Target Support Files/Pods-RxTemplate/Pods-RxTemplate-frameworks-${CONFIGURATION}-output-files.xcfilelist",
			);
			runOnlyForDeploymentPostprocessing = 0;
			shellPath = /bin/sh;
			shellScript = "\"${PODS_ROOT}/Target Support Files/Pods-RxTemplate/Pods-RxTemplate-frameworks.sh\"\n";
			showEnvVarsInLog = 0;
		};
/* End PBXShellScriptBuildPhase section */

/* Begin PBXSourcesBuildPhase section */
		1175FDEA29974F7F00169A2C /* Sources */ = {
			isa = PBXSourcesBuildPhase;
			buildActionMask = 2147483647;
			files = (
				1175FE2A2997530800169A2C /* InitialSceneViewController.swift in Sources */,
				1175FE282997530800169A2C /* InitialSceneInteractorService.swift in Sources */,
				1175FE36299758E500169A2C /* AppCore.swift in Sources */,
				1175FE4929975B7800169A2C /* DeviceLayerType.swift in Sources */,
				1175FE262997530800169A2C /* InitialSceneInteractorContract.swift in Sources */,
				1175FDFC29974F7F00169A2C /* RxTemplate.xcdatamodeld in Sources */,
				11D99EE1299933D800163B81 /* ItemEntity+CoreDataClass copy.swift in Sources */,
				1175FE2D2997530800169A2C /* InitialScenePresenterContract.swift in Sources */,
				1175FE4629975ADE00169A2C /* DatabaseLayerType.swift in Sources */,
				1175FE2C2997530800169A2C /* InitialSceneInteractor.swift in Sources */,
				1175FE382997590400169A2C /* AppCoreContract.swift in Sources */,
				1175FE222997530800169A2C /* InitialSceneRouter.swift in Sources */,
				1175FE242997530800169A2C /* InitialSceneViewControllerContract.swift in Sources */,
				11D99EE0299933D800163B81 /* ItemEntity+CoreDataProperties copy.swift in Sources */,
				1175FE15299752A700169A2C /* BaseViewController.swift in Sources */,
				1175FE292997530800169A2C /* InitialScenePresenter.swift in Sources */,
				1175FDF229974F7F00169A2C /* AppDelegate.swift in Sources */,
				1175FE3C2997594600169A2C /* Logger.swift in Sources */,
				1175FE232997530800169A2C /* InitialSceneRouterContract.swift in Sources */,
				1175FE4B29975B8B00169A2C /* DeviceLayer.swift in Sources */,
				1175FE2B2997530800169A2C /* InitialSceneViewModel.swift in Sources */,
				11D99EDD2999325D00163B81 /* ItemModel.swift in Sources */,
				1175FE252997530800169A2C /* InitialScenePresenterService.swift in Sources */,
				1175FE12299751BB00169A2C /* AppRouter.swift in Sources */,
				1175FE4429975AA700169A2C /* DatabaseLayer.swift in Sources */,
				1175FE3F2997596E00169A2C /* StyleLayer.swift in Sources */,
				1175FE4129975A1400169A2C /* StyleLayerType.swift in Sources */,
			);
			runOnlyForDeploymentPostprocessing = 0;
		};
/* End PBXSourcesBuildPhase section */

/* Begin PBXVariantGroup section */
		1175FDFF29974F8100169A2C /* LaunchScreen.storyboard */ = {
			isa = PBXVariantGroup;
			children = (
				1175FE0029974F8100169A2C /* Base */,
			);
			name = LaunchScreen.storyboard;
			sourceTree = "<group>";
		};
/* End PBXVariantGroup section */

/* Begin XCBuildConfiguration section */
		1175FE0329974F8100169A2C /* Debug */ = {
			isa = XCBuildConfiguration;
			buildSettings = {
				ALWAYS_SEARCH_USER_PATHS = NO;
				CLANG_ANALYZER_NONNULL = YES;
				CLANG_ANALYZER_NUMBER_OBJECT_CONVERSION = YES_AGGRESSIVE;
				CLANG_CXX_LANGUAGE_STANDARD = "gnu++20";
				CLANG_ENABLE_MODULES = YES;
				CLANG_ENABLE_OBJC_ARC = YES;
				CLANG_ENABLE_OBJC_WEAK = YES;
				CLANG_WARN_BLOCK_CAPTURE_AUTORELEASING = YES;
				CLANG_WARN_BOOL_CONVERSION = YES;
				CLANG_WARN_COMMA = YES;
				CLANG_WARN_CONSTANT_CONVERSION = YES;
				CLANG_WARN_DEPRECATED_OBJC_IMPLEMENTATIONS = YES;
				CLANG_WARN_DIRECT_OBJC_ISA_USAGE = YES_ERROR;
				CLANG_WARN_DOCUMENTATION_COMMENTS = YES;
				CLANG_WARN_EMPTY_BODY = YES;
				CLANG_WARN_ENUM_CONVERSION = YES;
				CLANG_WARN_INFINITE_RECURSION = YES;
				CLANG_WARN_INT_CONVERSION = YES;
				CLANG_WARN_NON_LITERAL_NULL_CONVERSION = YES;
				CLANG_WARN_OBJC_IMPLICIT_RETAIN_SELF = YES;
				CLANG_WARN_OBJC_LITERAL_CONVERSION = YES;
				CLANG_WARN_OBJC_ROOT_CLASS = YES_ERROR;
				CLANG_WARN_QUOTED_INCLUDE_IN_FRAMEWORK_HEADER = YES;
				CLANG_WARN_RANGE_LOOP_ANALYSIS = YES;
				CLANG_WARN_STRICT_PROTOTYPES = YES;
				CLANG_WARN_SUSPICIOUS_MOVE = YES;
				CLANG_WARN_UNGUARDED_AVAILABILITY = YES_AGGRESSIVE;
				CLANG_WARN_UNREACHABLE_CODE = YES;
				CLANG_WARN__DUPLICATE_METHOD_MATCH = YES;
				COPY_PHASE_STRIP = NO;
				DEBUG_INFORMATION_FORMAT = dwarf;
				ENABLE_STRICT_OBJC_MSGSEND = YES;
				ENABLE_TESTABILITY = YES;
				GCC_C_LANGUAGE_STANDARD = gnu11;
				GCC_DYNAMIC_NO_PIC = NO;
				GCC_NO_COMMON_BLOCKS = YES;
				GCC_OPTIMIZATION_LEVEL = 0;
				GCC_PREPROCESSOR_DEFINITIONS = (
					"DEBUG=1",
					"$(inherited)",
				);
				GCC_WARN_64_TO_32_BIT_CONVERSION = YES;
				GCC_WARN_ABOUT_RETURN_TYPE = YES_ERROR;
				GCC_WARN_UNDECLARED_SELECTOR = YES;
				GCC_WARN_UNINITIALIZED_AUTOS = YES_AGGRESSIVE;
				GCC_WARN_UNUSED_FUNCTION = YES;
				GCC_WARN_UNUSED_VARIABLE = YES;
				IPHONEOS_DEPLOYMENT_TARGET = 16.2;
				MTL_ENABLE_DEBUG_INFO = INCLUDE_SOURCE;
				MTL_FAST_MATH = YES;
				ONLY_ACTIVE_ARCH = YES;
				SDKROOT = iphoneos;
				SWIFT_ACTIVE_COMPILATION_CONDITIONS = DEBUG;
				SWIFT_OPTIMIZATION_LEVEL = "-Onone";
			};
			name = Debug;
		};
		1175FE0429974F8100169A2C /* Release */ = {
			isa = XCBuildConfiguration;
			buildSettings = {
				ALWAYS_SEARCH_USER_PATHS = NO;
				CLANG_ANALYZER_NONNULL = YES;
				CLANG_ANALYZER_NUMBER_OBJECT_CONVERSION = YES_AGGRESSIVE;
				CLANG_CXX_LANGUAGE_STANDARD = "gnu++20";
				CLANG_ENABLE_MODULES = YES;
				CLANG_ENABLE_OBJC_ARC = YES;
				CLANG_ENABLE_OBJC_WEAK = YES;
				CLANG_WARN_BLOCK_CAPTURE_AUTORELEASING = YES;
				CLANG_WARN_BOOL_CONVERSION = YES;
				CLANG_WARN_COMMA = YES;
				CLANG_WARN_CONSTANT_CONVERSION = YES;
				CLANG_WARN_DEPRECATED_OBJC_IMPLEMENTATIONS = YES;
				CLANG_WARN_DIRECT_OBJC_ISA_USAGE = YES_ERROR;
				CLANG_WARN_DOCUMENTATION_COMMENTS = YES;
				CLANG_WARN_EMPTY_BODY = YES;
				CLANG_WARN_ENUM_CONVERSION = YES;
				CLANG_WARN_INFINITE_RECURSION = YES;
				CLANG_WARN_INT_CONVERSION = YES;
				CLANG_WARN_NON_LITERAL_NULL_CONVERSION = YES;
				CLANG_WARN_OBJC_IMPLICIT_RETAIN_SELF = YES;
				CLANG_WARN_OBJC_LITERAL_CONVERSION = YES;
				CLANG_WARN_OBJC_ROOT_CLASS = YES_ERROR;
				CLANG_WARN_QUOTED_INCLUDE_IN_FRAMEWORK_HEADER = YES;
				CLANG_WARN_RANGE_LOOP_ANALYSIS = YES;
				CLANG_WARN_STRICT_PROTOTYPES = YES;
				CLANG_WARN_SUSPICIOUS_MOVE = YES;
				CLANG_WARN_UNGUARDED_AVAILABILITY = YES_AGGRESSIVE;
				CLANG_WARN_UNREACHABLE_CODE = YES;
				CLANG_WARN__DUPLICATE_METHOD_MATCH = YES;
				COPY_PHASE_STRIP = NO;
				DEBUG_INFORMATION_FORMAT = "dwarf-with-dsym";
				ENABLE_NS_ASSERTIONS = NO;
				ENABLE_STRICT_OBJC_MSGSEND = YES;
				GCC_C_LANGUAGE_STANDARD = gnu11;
				GCC_NO_COMMON_BLOCKS = YES;
				GCC_WARN_64_TO_32_BIT_CONVERSION = YES;
				GCC_WARN_ABOUT_RETURN_TYPE = YES_ERROR;
				GCC_WARN_UNDECLARED_SELECTOR = YES;
				GCC_WARN_UNINITIALIZED_AUTOS = YES_AGGRESSIVE;
				GCC_WARN_UNUSED_FUNCTION = YES;
				GCC_WARN_UNUSED_VARIABLE = YES;
				IPHONEOS_DEPLOYMENT_TARGET = 16.2;
				MTL_ENABLE_DEBUG_INFO = NO;
				MTL_FAST_MATH = YES;
				SDKROOT = iphoneos;
				SWIFT_COMPILATION_MODE = wholemodule;
				SWIFT_OPTIMIZATION_LEVEL = "-O";
				VALIDATE_PRODUCT = YES;
			};
			name = Release;
		};
		1175FE0629974F8100169A2C /* Debug */ = {
			isa = XCBuildConfiguration;
			baseConfigurationReference = 5D8C0FFD6492C68050E794F9 /* Pods-RxTemplate.debug.xcconfig */;
			buildSettings = {
				ASSETCATALOG_COMPILER_APPICON_NAME = AppIcon;
				ASSETCATALOG_COMPILER_GLOBAL_ACCENT_COLOR_NAME = AccentColor;
				CODE_SIGN_STYLE = Automatic;
				CURRENT_PROJECT_VERSION = 1;
				DEVELOPMENT_TEAM = 54L37Y4QC4;
				GENERATE_INFOPLIST_FILE = YES;
				INFOPLIST_FILE = RxTemplate/SupportingFiles/Info.plist;
				INFOPLIST_KEY_UIApplicationSupportsIndirectInputEvents = YES;
				INFOPLIST_KEY_UILaunchStoryboardName = LaunchScreen;
				INFOPLIST_KEY_UISupportedInterfaceOrientations_iPad = "UIInterfaceOrientationPortrait UIInterfaceOrientationPortraitUpsideDown UIInterfaceOrientationLandscapeLeft UIInterfaceOrientationLandscapeRight";
				INFOPLIST_KEY_UISupportedInterfaceOrientations_iPhone = "UIInterfaceOrientationPortrait UIInterfaceOrientationLandscapeLeft UIInterfaceOrientationLandscapeRight";
				LD_RUNPATH_SEARCH_PATHS = (
					"$(inherited)",
					"@executable_path/Frameworks",
				);
				MARKETING_VERSION = 1.0;
				PRODUCT_BUNDLE_IDENTIFIER = com.yarizzer.RxTemplate;
				PRODUCT_NAME = "$(TARGET_NAME)";
				SWIFT_EMIT_LOC_STRINGS = YES;
				SWIFT_VERSION = 5.0;
				TARGETED_DEVICE_FAMILY = "1,2";
			};
			name = Debug;
		};
		1175FE0729974F8100169A2C /* Release */ = {
			isa = XCBuildConfiguration;
			baseConfigurationReference = 2A31E49C1854ED5F84A6E6F2 /* Pods-RxTemplate.release.xcconfig */;
			buildSettings = {
				ASSETCATALOG_COMPILER_APPICON_NAME = AppIcon;
				ASSETCATALOG_COMPILER_GLOBAL_ACCENT_COLOR_NAME = AccentColor;
				CODE_SIGN_STYLE = Automatic;
				CURRENT_PROJECT_VERSION = 1;
				DEVELOPMENT_TEAM = 54L37Y4QC4;
				GENERATE_INFOPLIST_FILE = YES;
				INFOPLIST_FILE = RxTemplate/SupportingFiles/Info.plist;
				INFOPLIST_KEY_UIApplicationSupportsIndirectInputEvents = YES;
				INFOPLIST_KEY_UILaunchStoryboardName = LaunchScreen;
				INFOPLIST_KEY_UISupportedInterfaceOrientations_iPad = "UIInterfaceOrientationPortrait UIInterfaceOrientationPortraitUpsideDown UIInterfaceOrientationLandscapeLeft UIInterfaceOrientationLandscapeRight";
				INFOPLIST_KEY_UISupportedInterfaceOrientations_iPhone = "UIInterfaceOrientationPortrait UIInterfaceOrientationLandscapeLeft UIInterfaceOrientationLandscapeRight";
				LD_RUNPATH_SEARCH_PATHS = (
					"$(inherited)",
					"@executable_path/Frameworks",
				);
				MARKETING_VERSION = 1.0;
				PRODUCT_BUNDLE_IDENTIFIER = com.yarizzer.RxTemplate;
				PRODUCT_NAME = "$(TARGET_NAME)";
				SWIFT_EMIT_LOC_STRINGS = YES;
				SWIFT_VERSION = 5.0;
				TARGETED_DEVICE_FAMILY = "1,2";
			};
			name = Release;
		};
/* End XCBuildConfiguration section */

/* Begin XCConfigurationList section */
		1175FDE929974F7F00169A2C /* Build configuration list for PBXProject "RxTemplate" */ = {
			isa = XCConfigurationList;
			buildConfigurations = (
				1175FE0329974F8100169A2C /* Debug */,
				1175FE0429974F8100169A2C /* Release */,
			);
			defaultConfigurationIsVisible = 0;
			defaultConfigurationName = Release;
		};
		1175FE0529974F8100169A2C /* Build configuration list for PBXNativeTarget "RxTemplate" */ = {
			isa = XCConfigurationList;
			buildConfigurations = (
				1175FE0629974F8100169A2C /* Debug */,
				1175FE0729974F8100169A2C /* Release */,
			);
			defaultConfigurationIsVisible = 0;
			defaultConfigurationName = Release;
		};
/* End XCConfigurationList section */

/* Begin XCVersionGroup section */
		1175FDFA29974F7F00169A2C /* RxTemplate.xcdatamodeld */ = {
			isa = XCVersionGroup;
			children = (
				1175FDFB29974F7F00169A2C /* RxTemplate.xcdatamodel */,
			);
			currentVersion = 1175FDFB29974F7F00169A2C /* RxTemplate.xcdatamodel */;
			path = RxTemplate.xcdatamodeld;
			sourceTree = "<group>";
			versionGroupType = wrapper.xcdatamodel;
		};
/* End XCVersionGroup section */
	};
	rootObject = 1175FDE629974F7F00169A2C /* Project object */;
}
